
Microsoft Visual Studio Solution File, Format Version 12.00
# Visual Studio 15
VisualStudioVersion = 15.0.28307.757
MinimumVisualStudioVersion = 10.0.40219.1
Project("{9A19103F-16F7-4668-BE54-9A1E7A4F7556}") = "WinDivertSharp", "WinDivertSharp\WinDivertSharp.csproj", "{562672DC-781F-42C6-8578-D0D02A940259}"
EndProject
Project("{FAE04EC0-301F-11D3-BF4B-00C04F79EFBC}") = "WinDivertSharpTests", "WinDivertSharpTests\WinDivertSharpTests.csproj", "{4E57BAC9-E772-4E3A-8AF8-58CC3B260B82}"
EndProject
Global
	GlobalSection(SolutionConfigurationPlatforms) = preSolution
		Debug|Any CPU = Debug|Any CPU
		Release|Any CPU = Release|Any CPU
	EndGlobalSection
	GlobalSection(ProjectConfigurationPlatforms) = postSolution
		{562672DC-781F-42C6-8578-D0D02A940259}.Debug|Any CPU.ActiveCfg = Debug|Any CPU
		{562672DC-781F-42C6-8578-D0D02A940259}.Debug|Any CPU.Build.0 = Debug|Any CPU
		{562672DC-781F-42C6-8578-D0D02A940259}.Release|Any CPU.ActiveCfg = Release|Any CPU
		{562672DC-781F-42C6-8578-D0D02A940259}.Release|Any CPU.Build.0 = Release|Any CPU
		{4E57BAC9-E772-4E3A-8AF8-58CC3B260B82}.Debug|Any CPU.ActiveCfg = Debug|Any CPU
		{4E57BAC9-E772-4E3A-8AF8-58CC3B260B82}.Debug|Any CPU.Build.0 = Debug|Any CPU
		{4E57BAC9-E772-4E3A-8AF8-58CC3B260B82}.Release|Any CPU.ActiveCfg = Release|Any CPU
		{4E57BAC9-E772-4E3A-8AF8-58CC3B260B82}.Release|Any CPU.Build.0 = Release|Any CPU
	EndGlobalSection
	GlobalSection(SolutionProperties) = preSolution
		HideSolutionNode = FALSE
	EndGlobalSection
	GlobalSection(ExtensibilityGlobals) = postSolution
		SolutionGuid = {B9BE42EC-B428-4605-9084-BAD698C7B157}
	EndGlobalSection
EndGlobal
